
Microsoft Visual Studio Solution File, Format Version 12.00
# Visual Studio 14
VisualStudioVersion = 14.0.23107.0
MinimumVisualStudioVersion = 10.0.40219.1
Project("{2150E333-8FDC-42A3-9474-1A3956D46DE8}") = "Courses", "Courses", "{9CF596A8-0CD5-479C-BE19-4AAE27F8035C}"
EndProject
Project("{2150E333-8FDC-42A3-9474-1A3956D46DE8}") = "Books", "Books", "{D1F2D678-CF8D-4907-BD5E-B3C7CD4465FB}"
EndProject
Project("{2150E333-8FDC-42A3-9474-1A3956D46DE8}") = "MasterAlgorithmsWithC", "MasterAlgorithmsWithC", "{A9A22748-D65D-4BBD-A0EC-107105E3C3C2}"
EndProject
Project("{2150E333-8FDC-42A3-9474-1A3956D46DE8}") = "Chapter05", "Chapter05", "{0EF63B2F-8743-41DC-A32B-837094839179}"
EndProject
Project("{8BC9CEB8-8B4A-11D0-8D11-00A0C91BC942}") = "LinkedList", "Books\MasterAlgorithmsWithC\Chapter05\LinkedList\LinkedList.vcxproj", "{0798764A-BADB-4FC7-A31F-91011AF473D4}"
EndProject
Project("{8BC9CEB8-8B4A-11D0-8D11-00A0C91BC942}") = "DList", "Books\MasterAlgorithmsWithC\Chapter05\DList\DList.vcxproj", "{FC4009F6-EFD8-4580-BBBD-38C68CA92A49}"
EndProject
Project("{8BC9CEB8-8B4A-11D0-8D11-00A0C91BC942}") = "CList", "Books\MasterAlgorithmsWithC\Chapter05\CList\CList.vcxproj", "{73FF48B4-DDE7-442A-AC30-BD4BF5D88C92}"
EndProject
Project("{2150E333-8FDC-42A3-9474-1A3956D46DE8}") = "Chapter06", "Chapter06", "{19718CF7-F2AE-4693-8C41-D262525DFB95}"
EndProject
Project("{8BC9CEB8-8B4A-11D0-8D11-00A0C91BC942}") = "Stack", "Books\MasterAlgorithmsWithC\Chapter06\Stack\Stack.vcxproj", "{100DA6F7-4B37-44F9-8EAD-82528051F538}"
EndProject
Project("{8BC9CEB8-8B4A-11D0-8D11-00A0C91BC942}") = "Queue", "Books\MasterAlgorithmsWithC\Chapter06\Queue\Queue.vcxproj", "{52F4FB83-E4CF-4275-984C-9C2C1E4A960A}"
EndProject
Project("{2150E333-8FDC-42A3-9474-1A3956D46DE8}") = "Chapter07", "Chapter07", "{11A35022-EB29-4CB4-B99E-00180DFD4EB8}"
EndProject
Project("{8BC9CEB8-8B4A-11D0-8D11-00A0C91BC942}") = "Set", "Books\MasterAlgorithmsWithC\Chapter07\Set\Set.vcxproj", "{A3A40A35-28E3-4AF3-86CC-961D34AF3A53}"
EndProject
Project("{2150E333-8FDC-42A3-9474-1A3956D46DE8}") = "Chapter08", "Chapter08", "{18678729-2C81-429B-AECE-EEC81840847D}"
EndProject
Project("{2150E333-8FDC-42A3-9474-1A3956D46DE8}") = "Chapter09", "Chapter09", "{13A47FC2-FD55-4B3A-9B82-0576C31FDAC7}"
EndProject
Project("{8BC9CEB8-8B4A-11D0-8D11-00A0C91BC942}") = "BinaryTree", "Books\MasterAlgorithmsWithC\Chapter09\BinaryTree\BinaryTree.vcxproj", "{65CFE25A-5537-4EE1-A058-31B022D7F63B}"
EndProject
Project("{2150E333-8FDC-42A3-9474-1A3956D46DE8}") = "CourseraPOP", "CourseraPOP", "{BA21D4DE-D2D2-4EC5-B71A-D05D7763DA16}"
EndProject
Project("{2150E333-8FDC-42A3-9474-1A3956D46DE8}") = "Chapter01", "Chapter01", "{82695FA8-91A5-4528-8C9D-407E058F0BE5}"
EndProject
Project("{8BC9CEB8-8B4A-11D0-8D11-00A0C91BC942}") = "FunPtr", "Course\CourseraPOP\Chapter01\FunPtr\FunPtr.vcxproj", "{BB659449-5AF0-46A4-8B0E-4312F8864B36}"
EndProject
Project("{8BC9CEB8-8B4A-11D0-8D11-00A0C91BC942}") = "QsortTest", "Course\CourseraPOP\Chapter01\QsortTest\QsortTest.vcxproj", "{B58C3D35-17F9-4B48-9309-3C68845B412A}"
EndProject
Project("{8BC9CEB8-8B4A-11D0-8D11-00A0C91BC942}") = "Reference", "Course\CourseraPOP\Chapter01\Reference\Reference.vcxproj", "{920D060F-1146-4A8F-8FD6-088B963019D2}"
EndProject
Project("{2150E333-8FDC-42A3-9474-1A3956D46DE8}") = "Chapter03", "Chapter03", "{C3A3F633-E65D-4DF1-ADA4-435B63A23CBA}"
EndProject
Project("{8BC9CEB8-8B4A-11D0-8D11-00A0C91BC942}") = "CopyCons", "Course\CourseraPOP\Chapter03\CopyCons\CopyCons.vcxproj", "{C31F8E20-705F-4528-AAD7-366097B5C793}"
EndProject
Project("{2150E333-8FDC-42A3-9474-1A3956D46DE8}") = "Chapter02", "Chapter02", "{23D5C633-F9E0-41AC-B443-B8FDC3C4BF9A}"
EndProject
Project("{8BC9CEB8-8B4A-11D0-8D11-00A0C91BC942}") = "EmployeeClass", "Course\CourseraPOP\Chapter02\EmployeeClass\EmployeeClass.vcxproj", "{AB24FA82-E5BC-45BE-A27B-5DB514FA1D08}"
EndProject
Project("{8BC9CEB8-8B4A-11D0-8D11-00A0C91BC942}") = "ComplexClass", "Course\CourseraPOP\Chapter02\ComplexClass\ComplexClass.vcxproj", "{737BB1ED-660E-441C-B81D-13F7D5711AEB}"
EndProject
Project("{8BC9CEB8-8B4A-11D0-8D11-00A0C91BC942}") = "TypeConvertConstructor", "Course\CourseraPOP\Chapter03\TypeConvertConstructor\TypeConvertConstructor.vcxproj", "{9C00092F-6A96-454D-945B-F913CC3E0D42}"
EndProject
Project("{8BC9CEB8-8B4A-11D0-8D11-00A0C91BC942}") = "Destructor", "Course\CourseraPOP\Chapter03\Destructor\Destructor.vcxproj", "{CCEF02FD-C118-4ABD-9C15-48CBF21DC475}"
EndProject
Global
	GlobalSection(SolutionConfigurationPlatforms) = preSolution
		Debug|x64 = Debug|x64
		Debug|x86 = Debug|x86
		Release|x64 = Release|x64
		Release|x86 = Release|x86
	EndGlobalSection
	GlobalSection(ProjectConfigurationPlatforms) = postSolution
		{0798764A-BADB-4FC7-A31F-91011AF473D4}.Debug|x64.ActiveCfg = Debug|x64
		{0798764A-BADB-4FC7-A31F-91011AF473D4}.Debug|x64.Build.0 = Debug|x64
		{0798764A-BADB-4FC7-A31F-91011AF473D4}.Debug|x86.ActiveCfg = Debug|Win32
		{0798764A-BADB-4FC7-A31F-91011AF473D4}.Debug|x86.Build.0 = Debug|Win32
		{0798764A-BADB-4FC7-A31F-91011AF473D4}.Release|x64.ActiveCfg = Release|x64
		{0798764A-BADB-4FC7-A31F-91011AF473D4}.Release|x64.Build.0 = Release|x64
		{0798764A-BADB-4FC7-A31F-91011AF473D4}.Release|x86.ActiveCfg = Release|Win32
		{0798764A-BADB-4FC7-A31F-91011AF473D4}.Release|x86.Build.0 = Release|Win32
		{FC4009F6-EFD8-4580-BBBD-38C68CA92A49}.Debug|x64.ActiveCfg = Debug|x64
		{FC4009F6-EFD8-4580-BBBD-38C68CA92A49}.Debug|x64.Build.0 = Debug|x64
		{FC4009F6-EFD8-4580-BBBD-38C68CA92A49}.Debug|x86.ActiveCfg = Debug|Win32
		{FC4009F6-EFD8-4580-BBBD-38C68CA92A49}.Debug|x86.Build.0 = Debug|Win32
		{FC4009F6-EFD8-4580-BBBD-38C68CA92A49}.Release|x64.ActiveCfg = Release|x64
		{FC4009F6-EFD8-4580-BBBD-38C68CA92A49}.Release|x64.Build.0 = Release|x64
		{FC4009F6-EFD8-4580-BBBD-38C68CA92A49}.Release|x86.ActiveCfg = Release|Win32
		{FC4009F6-EFD8-4580-BBBD-38C68CA92A49}.Release|x86.Build.0 = Release|Win32
		{73FF48B4-DDE7-442A-AC30-BD4BF5D88C92}.Debug|x64.ActiveCfg = Debug|x64
		{73FF48B4-DDE7-442A-AC30-BD4BF5D88C92}.Debug|x64.Build.0 = Debug|x64
		{73FF48B4-DDE7-442A-AC30-BD4BF5D88C92}.Debug|x86.ActiveCfg = Debug|Win32
		{73FF48B4-DDE7-442A-AC30-BD4BF5D88C92}.Debug|x86.Build.0 = Debug|Win32
		{73FF48B4-DDE7-442A-AC30-BD4BF5D88C92}.Release|x64.ActiveCfg = Release|x64
		{73FF48B4-DDE7-442A-AC30-BD4BF5D88C92}.Release|x64.Build.0 = Release|x64
		{73FF48B4-DDE7-442A-AC30-BD4BF5D88C92}.Release|x86.ActiveCfg = Release|Win32
		{73FF48B4-DDE7-442A-AC30-BD4BF5D88C92}.Release|x86.Build.0 = Release|Win32
		{100DA6F7-4B37-44F9-8EAD-82528051F538}.Debug|x64.ActiveCfg = Debug|x64
		{100DA6F7-4B37-44F9-8EAD-82528051F538}.Debug|x64.Build.0 = Debug|x64
		{100DA6F7-4B37-44F9-8EAD-82528051F538}.Debug|x86.ActiveCfg = Debug|Win32
		{100DA6F7-4B37-44F9-8EAD-82528051F538}.Debug|x86.Build.0 = Debug|Win32
		{100DA6F7-4B37-44F9-8EAD-82528051F538}.Release|x64.ActiveCfg = Release|x64
		{100DA6F7-4B37-44F9-8EAD-82528051F538}.Release|x64.Build.0 = Release|x64
		{100DA6F7-4B37-44F9-8EAD-82528051F538}.Release|x86.ActiveCfg = Release|Win32
		{100DA6F7-4B37-44F9-8EAD-82528051F538}.Release|x86.Build.0 = Release|Win32
		{52F4FB83-E4CF-4275-984C-9C2C1E4A960A}.Debug|x64.ActiveCfg = Debug|x64
		{52F4FB83-E4CF-4275-984C-9C2C1E4A960A}.Debug|x64.Build.0 = Debug|x64
		{52F4FB83-E4CF-4275-984C-9C2C1E4A960A}.Debug|x86.ActiveCfg = Debug|Win32
		{52F4FB83-E4CF-4275-984C-9C2C1E4A960A}.Debug|x86.Build.0 = Debug|Win32
		{52F4FB83-E4CF-4275-984C-9C2C1E4A960A}.Release|x64.ActiveCfg = Release|x64
		{52F4FB83-E4CF-4275-984C-9C2C1E4A960A}.Release|x64.Build.0 = Release|x64
		{52F4FB83-E4CF-4275-984C-9C2C1E4A960A}.Release|x86.ActiveCfg = Release|Win32
		{52F4FB83-E4CF-4275-984C-9C2C1E4A960A}.Release|x86.Build.0 = Release|Win32
		{A3A40A35-28E3-4AF3-86CC-961D34AF3A53}.Debug|x64.ActiveCfg = Debug|x64
		{A3A40A35-28E3-4AF3-86CC-961D34AF3A53}.Debug|x64.Build.0 = Debug|x64
		{A3A40A35-28E3-4AF3-86CC-961D34AF3A53}.Debug|x86.ActiveCfg = Debug|Win32
		{A3A40A35-28E3-4AF3-86CC-961D34AF3A53}.Debug|x86.Build.0 = Debug|Win32
		{A3A40A35-28E3-4AF3-86CC-961D34AF3A53}.Release|x64.ActiveCfg = Release|x64
		{A3A40A35-28E3-4AF3-86CC-961D34AF3A53}.Release|x64.Build.0 = Release|x64
		{A3A40A35-28E3-4AF3-86CC-961D34AF3A53}.Release|x86.ActiveCfg = Release|Win32
		{A3A40A35-28E3-4AF3-86CC-961D34AF3A53}.Release|x86.Build.0 = Release|Win32
		{65CFE25A-5537-4EE1-A058-31B022D7F63B}.Debug|x64.ActiveCfg = Debug|x64
		{65CFE25A-5537-4EE1-A058-31B022D7F63B}.Debug|x64.Build.0 = Debug|x64
		{65CFE25A-5537-4EE1-A058-31B022D7F63B}.Debug|x86.ActiveCfg = Debug|Win32
		{65CFE25A-5537-4EE1-A058-31B022D7F63B}.Debug|x86.Build.0 = Debug|Win32
		{65CFE25A-5537-4EE1-A058-31B022D7F63B}.Release|x64.ActiveCfg = Release|x64
		{65CFE25A-5537-4EE1-A058-31B022D7F63B}.Release|x64.Build.0 = Release|x64
		{65CFE25A-5537-4EE1-A058-31B022D7F63B}.Release|x86.ActiveCfg = Release|Win32
		{65CFE25A-5537-4EE1-A058-31B022D7F63B}.Release|x86.Build.0 = Release|Win32
		{BB659449-5AF0-46A4-8B0E-4312F8864B36}.Debug|x64.ActiveCfg = Debug|x64
		{BB659449-5AF0-46A4-8B0E-4312F8864B36}.Debug|x64.Build.0 = Debug|x64
		{BB659449-5AF0-46A4-8B0E-4312F8864B36}.Debug|x86.ActiveCfg = Debug|Win32
		{BB659449-5AF0-46A4-8B0E-4312F8864B36}.Debug|x86.Build.0 = Debug|Win32
		{BB659449-5AF0-46A4-8B0E-4312F8864B36}.Release|x64.ActiveCfg = Release|x64
		{BB659449-5AF0-46A4-8B0E-4312F8864B36}.Release|x64.Build.0 = Release|x64
		{BB659449-5AF0-46A4-8B0E-4312F8864B36}.Release|x86.ActiveCfg = Release|Win32
		{BB659449-5AF0-46A4-8B0E-4312F8864B36}.Release|x86.Build.0 = Release|Win32
		{B58C3D35-17F9-4B48-9309-3C68845B412A}.Debug|x64.ActiveCfg = Debug|x64
		{B58C3D35-17F9-4B48-9309-3C68845B412A}.Debug|x64.Build.0 = Debug|x64
		{B58C3D35-17F9-4B48-9309-3C68845B412A}.Debug|x86.ActiveCfg = Debug|Win32
		{B58C3D35-17F9-4B48-9309-3C68845B412A}.Debug|x86.Build.0 = Debug|Win32
		{B58C3D35-17F9-4B48-9309-3C68845B412A}.Release|x64.ActiveCfg = Release|x64
		{B58C3D35-17F9-4B48-9309-3C68845B412A}.Release|x64.Build.0 = Release|x64
		{B58C3D35-17F9-4B48-9309-3C68845B412A}.Release|x86.ActiveCfg = Release|Win32
		{B58C3D35-17F9-4B48-9309-3C68845B412A}.Release|x86.Build.0 = Release|Win32
		{920D060F-1146-4A8F-8FD6-088B963019D2}.Debug|x64.ActiveCfg = Debug|x64
		{920D060F-1146-4A8F-8FD6-088B963019D2}.Debug|x64.Build.0 = Debug|x64
		{920D060F-1146-4A8F-8FD6-088B963019D2}.Debug|x86.ActiveCfg = Debug|Win32
		{920D060F-1146-4A8F-8FD6-088B963019D2}.Debug|x86.Build.0 = Debug|Win32
		{920D060F-1146-4A8F-8FD6-088B963019D2}.Release|x64.ActiveCfg = Release|x64
		{920D060F-1146-4A8F-8FD6-088B963019D2}.Release|x64.Build.0 = Release|x64
		{920D060F-1146-4A8F-8FD6-088B963019D2}.Release|x86.ActiveCfg = Release|Win32
		{920D060F-1146-4A8F-8FD6-088B963019D2}.Release|x86.Build.0 = Release|Win32
		{C31F8E20-705F-4528-AAD7-366097B5C793}.Debug|x64.ActiveCfg = Debug|x64
		{C31F8E20-705F-4528-AAD7-366097B5C793}.Debug|x64.Build.0 = Debug|x64
		{C31F8E20-705F-4528-AAD7-366097B5C793}.Debug|x86.ActiveCfg = Debug|Win32
		{C31F8E20-705F-4528-AAD7-366097B5C793}.Debug|x86.Build.0 = Debug|Win32
		{C31F8E20-705F-4528-AAD7-366097B5C793}.Release|x64.ActiveCfg = Release|x64
		{C31F8E20-705F-4528-AAD7-366097B5C793}.Release|x64.Build.0 = Release|x64
		{C31F8E20-705F-4528-AAD7-366097B5C793}.Release|x86.ActiveCfg = Release|Win32
		{C31F8E20-705F-4528-AAD7-366097B5C793}.Release|x86.Build.0 = Release|Win32
		{AB24FA82-E5BC-45BE-A27B-5DB514FA1D08}.Debug|x64.ActiveCfg = Debug|x64
		{AB24FA82-E5BC-45BE-A27B-5DB514FA1D08}.Debug|x64.Build.0 = Debug|x64
		{AB24FA82-E5BC-45BE-A27B-5DB514FA1D08}.Debug|x86.ActiveCfg = Debug|Win32
		{AB24FA82-E5BC-45BE-A27B-5DB514FA1D08}.Debug|x86.Build.0 = Debug|Win32
		{AB24FA82-E5BC-45BE-A27B-5DB514FA1D08}.Release|x64.ActiveCfg = Release|x64
		{AB24FA82-E5BC-45BE-A27B-5DB514FA1D08}.Release|x64.Build.0 = Release|x64
		{AB24FA82-E5BC-45BE-A27B-5DB514FA1D08}.Release|x86.ActiveCfg = Release|Win32
		{AB24FA82-E5BC-45BE-A27B-5DB514FA1D08}.Release|x86.Build.0 = Release|Win32
		{737BB1ED-660E-441C-B81D-13F7D5711AEB}.Debug|x64.ActiveCfg = Debug|x64
		{737BB1ED-660E-441C-B81D-13F7D5711AEB}.Debug|x64.Build.0 = Debug|x64
		{737BB1ED-660E-441C-B81D-13F7D5711AEB}.Debug|x86.ActiveCfg = Debug|Win32
		{737BB1ED-660E-441C-B81D-13F7D5711AEB}.Debug|x86.Build.0 = Debug|Win32
		{737BB1ED-660E-441C-B81D-13F7D5711AEB}.Release|x64.ActiveCfg = Release|x64
		{737BB1ED-660E-441C-B81D-13F7D5711AEB}.Release|x64.Build.0 = Release|x64
		{737BB1ED-660E-441C-B81D-13F7D5711AEB}.Release|x86.ActiveCfg = Release|Win32
		{737BB1ED-660E-441C-B81D-13F7D5711AEB}.Release|x86.Build.0 = Release|Win32
		{9C00092F-6A96-454D-945B-F913CC3E0D42}.Debug|x64.ActiveCfg = Debug|x64
		{9C00092F-6A96-454D-945B-F913CC3E0D42}.Debug|x64.Build.0 = Debug|x64
		{9C00092F-6A96-454D-945B-F913CC3E0D42}.Debug|x86.ActiveCfg = Debug|Win32
		{9C00092F-6A96-454D-945B-F913CC3E0D42}.Debug|x86.Build.0 = Debug|Win32
		{9C00092F-6A96-454D-945B-F913CC3E0D42}.Release|x64.ActiveCfg = Release|x64
		{9C00092F-6A96-454D-945B-F913CC3E0D42}.Release|x64.Build.0 = Release|x64
		{9C00092F-6A96-454D-945B-F913CC3E0D42}.Release|x86.ActiveCfg = Release|Win32
		{9C00092F-6A96-454D-945B-F913CC3E0D42}.Release|x86.Build.0 = Release|Win32
		{CCEF02FD-C118-4ABD-9C15-48CBF21DC475}.Debug|x64.ActiveCfg = Debug|x64
		{CCEF02FD-C118-4ABD-9C15-48CBF21DC475}.Debug|x64.Build.0 = Debug|x64
		{CCEF02FD-C118-4ABD-9C15-48CBF21DC475}.Debug|x86.ActiveCfg = Debug|Win32
		{CCEF02FD-C118-4ABD-9C15-48CBF21DC475}.Debug|x86.Build.0 = Debug|Win32
		{CCEF02FD-C118-4ABD-9C15-48CBF21DC475}.Release|x64.ActiveCfg = Release|x64
		{CCEF02FD-C118-4ABD-9C15-48CBF21DC475}.Release|x64.Build.0 = Release|x64
		{CCEF02FD-C118-4ABD-9C15-48CBF21DC475}.Release|x86.ActiveCfg = Release|Win32
		{CCEF02FD-C118-4ABD-9C15-48CBF21DC475}.Release|x86.Build.0 = Release|Win32
	EndGlobalSection
	GlobalSection(SolutionProperties) = preSolution
		HideSolutionNode = FALSE
	EndGlobalSection
	GlobalSection(NestedProjects) = preSolution
		{A9A22748-D65D-4BBD-A0EC-107105E3C3C2} = {D1F2D678-CF8D-4907-BD5E-B3C7CD4465FB}
		{0EF63B2F-8743-41DC-A32B-837094839179} = {A9A22748-D65D-4BBD-A0EC-107105E3C3C2}
		{0798764A-BADB-4FC7-A31F-91011AF473D4} = {0EF63B2F-8743-41DC-A32B-837094839179}
		{FC4009F6-EFD8-4580-BBBD-38C68CA92A49} = {0EF63B2F-8743-41DC-A32B-837094839179}
		{73FF48B4-DDE7-442A-AC30-BD4BF5D88C92} = {0EF63B2F-8743-41DC-A32B-837094839179}
		{19718CF7-F2AE-4693-8C41-D262525DFB95} = {A9A22748-D65D-4BBD-A0EC-107105E3C3C2}
		{100DA6F7-4B37-44F9-8EAD-82528051F538} = {19718CF7-F2AE-4693-8C41-D262525DFB95}
		{52F4FB83-E4CF-4275-984C-9C2C1E4A960A} = {19718CF7-F2AE-4693-8C41-D262525DFB95}
		{11A35022-EB29-4CB4-B99E-00180DFD4EB8} = {A9A22748-D65D-4BBD-A0EC-107105E3C3C2}
		{A3A40A35-28E3-4AF3-86CC-961D34AF3A53} = {11A35022-EB29-4CB4-B99E-00180DFD4EB8}
		{18678729-2C81-429B-AECE-EEC81840847D} = {A9A22748-D65D-4BBD-A0EC-107105E3C3C2}
		{13A47FC2-FD55-4B3A-9B82-0576C31FDAC7} = {A9A22748-D65D-4BBD-A0EC-107105E3C3C2}
		{65CFE25A-5537-4EE1-A058-31B022D7F63B} = {13A47FC2-FD55-4B3A-9B82-0576C31FDAC7}
		{BA21D4DE-D2D2-4EC5-B71A-D05D7763DA16} = {9CF596A8-0CD5-479C-BE19-4AAE27F8035C}
		{82695FA8-91A5-4528-8C9D-407E058F0BE5} = {BA21D4DE-D2D2-4EC5-B71A-D05D7763DA16}
		{BB659449-5AF0-46A4-8B0E-4312F8864B36} = {82695FA8-91A5-4528-8C9D-407E058F0BE5}
		{B58C3D35-17F9-4B48-9309-3C68845B412A} = {82695FA8-91A5-4528-8C9D-407E058F0BE5}
		{920D060F-1146-4A8F-8FD6-088B963019D2} = {82695FA8-91A5-4528-8C9D-407E058F0BE5}
		{C3A3F633-E65D-4DF1-ADA4-435B63A23CBA} = {BA21D4DE-D2D2-4EC5-B71A-D05D7763DA16}
		{C31F8E20-705F-4528-AAD7-366097B5C793} = {C3A3F633-E65D-4DF1-ADA4-435B63A23CBA}
		{23D5C633-F9E0-41AC-B443-B8FDC3C4BF9A} = {BA21D4DE-D2D2-4EC5-B71A-D05D7763DA16}
		{AB24FA82-E5BC-45BE-A27B-5DB514FA1D08} = {23D5C633-F9E0-41AC-B443-B8FDC3C4BF9A}
		{737BB1ED-660E-441C-B81D-13F7D5711AEB} = {23D5C633-F9E0-41AC-B443-B8FDC3C4BF9A}
		{9C00092F-6A96-454D-945B-F913CC3E0D42} = {C3A3F633-E65D-4DF1-ADA4-435B63A23CBA}
		{CCEF02FD-C118-4ABD-9C15-48CBF21DC475} = {C3A3F633-E65D-4DF1-ADA4-435B63A23CBA}
	EndGlobalSection
EndGlobal
